// !$*UTF8*$!
{
	archiveVersion = 1;
	classes = {
	};
	objectVersion = 50;
	objects = {

/* Begin PBXBuildFile section */
		4E2266DA265D41F30086A87C /* RehabRevisedApp.swift in Sources */ = {isa = PBXBuildFile; fileRef = 4E2266D9265D41F30086A87C /* RehabRevisedApp.swift */; };
		4E2266DC265D41F30086A87C /* ContentView.swift in Sources */ = {isa = PBXBuildFile; fileRef = 4E2266DB265D41F30086A87C /* ContentView.swift */; };
		4E2266DE265D41F50086A87C /* Assets.xcassets in Resources */ = {isa = PBXBuildFile; fileRef = 4E2266DD265D41F50086A87C /* Assets.xcassets */; };
		4E2266E1265D41F50086A87C /* Preview Assets.xcassets in Resources */ = {isa = PBXBuildFile; fileRef = 4E2266E0265D41F50086A87C /* Preview Assets.xcassets */; };
		4E2266EC265D436A0086A87C /* Rehab.xcdatamodeld in Sources */ = {isa = PBXBuildFile; fileRef = 4E2266EA265D436A0086A87C /* Rehab.xcdatamodeld */; };
		4E2266F4265D45B50086A87C /* CoreDataManager.swift in Sources */ = {isa = PBXBuildFile; fileRef = 4E2266F3265D45B50086A87C /* CoreDataManager.swift */; };
		4E2266F8265D48D30086A87C /* BaseModel.swift in Sources */ = {isa = PBXBuildFile; fileRef = 4E2266F7265D48D30086A87C /* BaseModel.swift */; };
		4E2266FB265D4E040086A87C /* Journal+Extension.swift in Sources */ = {isa = PBXBuildFile; fileRef = 4E2266FA265D4E040086A87C /* Journal+Extension.swift */; };
		4E2266FE265D4EC30086A87C /* Pill+Extension.swift in Sources */ = {isa = PBXBuildFile; fileRef = 4E2266FD265D4EC30086A87C /* Pill+Extension.swift */; };
		4E226701265D4F720086A87C /* View+Extensions.swift in Sources */ = {isa = PBXBuildFile; fileRef = 4E226700265D4F720086A87C /* View+Extensions.swift */; };
		4E226704265D4FBE0086A87C /* Date+Extensions.swift in Sources */ = {isa = PBXBuildFile; fileRef = 4E226703265D4FBE0086A87C /* Date+Extensions.swift */; };
		4E226707265D50380086A87C /* String+Extensions.swift in Sources */ = {isa = PBXBuildFile; fileRef = 4E226706265D50380086A87C /* String+Extensions.swift */; };
		4E22670F265D50FF0086A87C /* AddJournalViewModel.swift in Sources */ = {isa = PBXBuildFile; fileRef = 4E22670E265D50FF0086A87C /* AddJournalViewModel.swift */; };
		4E226713265D54460086A87C /* AddJournalView.swift in Sources */ = {isa = PBXBuildFile; fileRef = 4E226712265D54460086A87C /* AddJournalView.swift */; };
		4E226717265D624C0086A87C /* JournalListViewModel.swift in Sources */ = {isa = PBXBuildFile; fileRef = 4E226716265D624C0086A87C /* JournalListViewModel.swift */; };
/* End PBXBuildFile section */

/* Begin PBXFileReference section */
		4E2266D6265D41F30086A87C /* RehabRevised.app */ = {isa = PBXFileReference; explicitFileType = wrapper.application; includeInIndex = 0; path = RehabRevised.app; sourceTree = BUILT_PRODUCTS_DIR; };
		4E2266D9265D41F30086A87C /* RehabRevisedApp.swift */ = {isa = PBXFileReference; lastKnownFileType = sourcecode.swift; path = RehabRevisedApp.swift; sourceTree = "<group>"; };
		4E2266DB265D41F30086A87C /* ContentView.swift */ = {isa = PBXFileReference; lastKnownFileType = sourcecode.swift; path = ContentView.swift; sourceTree = "<group>"; };
		4E2266DD265D41F50086A87C /* Assets.xcassets */ = {isa = PBXFileReference; lastKnownFileType = folder.assetcatalog; path = Assets.xcassets; sourceTree = "<group>"; };
		4E2266E0265D41F50086A87C /* Preview Assets.xcassets */ = {isa = PBXFileReference; lastKnownFileType = folder.assetcatalog; path = "Preview Assets.xcassets"; sourceTree = "<group>"; };
		4E2266E2265D41F50086A87C /* Info.plist */ = {isa = PBXFileReference; lastKnownFileType = text.plist.xml; path = Info.plist; sourceTree = "<group>"; };
		4E2266EB265D436A0086A87C /* Rehab.xcdatamodel */ = {isa = PBXFileReference; lastKnownFileType = wrapper.xcdatamodel; path = Rehab.xcdatamodel; sourceTree = "<group>"; };
		4E2266F3265D45B50086A87C /* CoreDataManager.swift */ = {isa = PBXFileReference; lastKnownFileType = sourcecode.swift; path = CoreDataManager.swift; sourceTree = "<group>"; };
		4E2266F7265D48D30086A87C /* BaseModel.swift */ = {isa = PBXFileReference; lastKnownFileType = sourcecode.swift; path = BaseModel.swift; sourceTree = "<group>"; };
		4E2266FA265D4E040086A87C /* Journal+Extension.swift */ = {isa = PBXFileReference; lastKnownFileType = sourcecode.swift; path = "Journal+Extension.swift"; sourceTree = "<group>"; };
		4E2266FD265D4EC30086A87C /* Pill+Extension.swift */ = {isa = PBXFileReference; lastKnownFileType = sourcecode.swift; path = "Pill+Extension.swift"; sourceTree = "<group>"; };
		4E226700265D4F720086A87C /* View+Extensions.swift */ = {isa = PBXFileReference; lastKnownFileType = sourcecode.swift; path = "View+Extensions.swift"; sourceTree = "<group>"; };
		4E226703265D4FBE0086A87C /* Date+Extensions.swift */ = {isa = PBXFileReference; lastKnownFileType = sourcecode.swift; path = "Date+Extensions.swift"; sourceTree = "<group>"; };
		4E226706265D50380086A87C /* String+Extensions.swift */ = {isa = PBXFileReference; lastKnownFileType = sourcecode.swift; path = "String+Extensions.swift"; sourceTree = "<group>"; };
		4E22670E265D50FF0086A87C /* AddJournalViewModel.swift */ = {isa = PBXFileReference; lastKnownFileType = sourcecode.swift; path = AddJournalViewModel.swift; sourceTree = "<group>"; };
		4E226712265D54460086A87C /* AddJournalView.swift */ = {isa = PBXFileReference; lastKnownFileType = sourcecode.swift; path = AddJournalView.swift; sourceTree = "<group>"; };
		4E226716265D624C0086A87C /* JournalListViewModel.swift */ = {isa = PBXFileReference; lastKnownFileType = sourcecode.swift; path = JournalListViewModel.swift; sourceTree = "<group>"; };
/* End PBXFileReference section */

/* Begin PBXFrameworksBuildPhase section */
		4E2266D3265D41F30086A87C /* Frameworks */ = {
			isa = PBXFrameworksBuildPhase;
			buildActionMask = 2147483647;
			files = (
			);
			runOnlyForDeploymentPostprocessing = 0;
		};
/* End PBXFrameworksBuildPhase section */

/* Begin PBXGroup section */
		4E2266CD265D41F30086A87C = {
			isa = PBXGroup;
			children = (
				4E2266D8265D41F30086A87C /* RehabRevised */,
				4E2266D7265D41F30086A87C /* Products */,
			);
			sourceTree = "<group>";
		};
		4E2266D7265D41F30086A87C /* Products */ = {
			isa = PBXGroup;
			children = (
				4E2266D6265D41F30086A87C /* RehabRevised.app */,
			);
			name = Products;
			sourceTree = "<group>";
		};
		4E2266D8265D41F30086A87C /* RehabRevised */ = {
			isa = PBXGroup;
			children = (
				4E2266EE265D455D0086A87C /* Managers */,
				4E2266F6265D48C70086A87C /* Models */,
				4E2266EF265D45750086A87C /* Extensions */,
				4E2266F0265D45840086A87C /* App */,
				4E2266F1265D45910086A87C /* ViewModels */,
				4E2266F2265D459B0086A87C /* Views */,
				4E2266DD265D41F50086A87C /* Assets.xcassets */,
				4E2266E2265D41F50086A87C /* Info.plist */,
				4E2266DF265D41F50086A87C /* Preview Content */,
				4E2266EA265D436A0086A87C /* Rehab.xcdatamodeld */,
			);
			path = RehabRevised;
			sourceTree = "<group>";
		};
		4E2266DF265D41F50086A87C /* Preview Content */ = {
			isa = PBXGroup;
			children = (
				4E2266E0265D41F50086A87C /* Preview Assets.xcassets */,
			);
			path = "Preview Content";
			sourceTree = "<group>";
		};
		4E2266EE265D455D0086A87C /* Managers */ = {
			isa = PBXGroup;
			children = (
				4E2266F3265D45B50086A87C /* CoreDataManager.swift */,
			);
			path = Managers;
			sourceTree = "<group>";
		};
		4E2266EF265D45750086A87C /* Extensions */ = {
			isa = PBXGroup;
			children = (
				4E226700265D4F720086A87C /* View+Extensions.swift */,
				4E226703265D4FBE0086A87C /* Date+Extensions.swift */,
				4E226706265D50380086A87C /* String+Extensions.swift */,
			);
			path = Extensions;
			sourceTree = "<group>";
		};
		4E2266F0265D45840086A87C /* App */ = {
			isa = PBXGroup;
			children = (
				4E2266D9265D41F30086A87C /* RehabRevisedApp.swift */,
				4E2266DB265D41F30086A87C /* ContentView.swift */,
			);
			path = App;
			sourceTree = "<group>";
		};
		4E2266F1265D45910086A87C /* ViewModels */ = {
			isa = PBXGroup;
			children = (
				4E22670E265D50FF0086A87C /* AddJournalViewModel.swift */,
				4E226716265D624C0086A87C /* JournalListViewModel.swift */,
			);
			path = ViewModels;
			sourceTree = "<group>";
		};
		4E2266F2265D459B0086A87C /* Views */ = {
			isa = PBXGroup;
			children = (
				4E226712265D54460086A87C /* AddJournalView.swift */,
			);
			path = Views;
			sourceTree = "<group>";
		};
		4E2266F6265D48C70086A87C /* Models */ = {
			isa = PBXGroup;
			children = (
				4E2266F7265D48D30086A87C /* BaseModel.swift */,
				4E2266FA265D4E040086A87C /* Journal+Extension.swift */,
				4E2266FD265D4EC30086A87C /* Pill+Extension.swift */,
			);
			path = Models;
			sourceTree = "<group>";
		};
/* End PBXGroup section */

/* Begin PBXNativeTarget section */
		4E2266D5265D41F30086A87C /* RehabRevised */ = {
			isa = PBXNativeTarget;
			buildConfigurationList = 4E2266E5265D41F50086A87C /* Build configuration list for PBXNativeTarget "RehabRevised" */;
			buildPhases = (
				4E2266D2265D41F30086A87C /* Sources */,
				4E2266D3265D41F30086A87C /* Frameworks */,
				4E2266D4265D41F30086A87C /* Resources */,
			);
			buildRules = (
			);
			dependencies = (
			);
			name = RehabRevised;
			productName = RehabRevised;
			productReference = 4E2266D6265D41F30086A87C /* RehabRevised.app */;
			productType = "com.apple.product-type.application";
		};
/* End PBXNativeTarget section */

/* Begin PBXProject section */
		4E2266CE265D41F30086A87C /* Project object */ = {
			isa = PBXProject;
			attributes = {
				LastSwiftUpdateCheck = 1240;
				LastUpgradeCheck = 1240;
				TargetAttributes = {
					4E2266D5265D41F30086A87C = {
						CreatedOnToolsVersion = 12.4;
					};
				};
			};
			buildConfigurationList = 4E2266D1265D41F30086A87C /* Build configuration list for PBXProject "RehabRevised" */;
			compatibilityVersion = "Xcode 9.3";
			developmentRegion = en;
			hasScannedForEncodings = 0;
			knownRegions = (
				en,
				Base,
			);
			mainGroup = 4E2266CD265D41F30086A87C;
			productRefGroup = 4E2266D7265D41F30086A87C /* Products */;
			projectDirPath = "";
			projectRoot = "";
			targets = (
				4E2266D5265D41F30086A87C /* RehabRevised */,
			);
		};
/* End PBXProject section */

/* Begin PBXResourcesBuildPhase section */
		4E2266D4265D41F30086A87C /* Resources */ = {
			isa = PBXResourcesBuildPhase;
			buildActionMask = 2147483647;
			files = (
				4E2266E1265D41F50086A87C /* Preview Assets.xcassets in Resources */,
				4E2266DE265D41F50086A87C /* Assets.xcassets in Resources */,
			);
			runOnlyForDeploymentPostprocessing = 0;
		};
/* End PBXResourcesBuildPhase section */

/* Begin PBXSourcesBuildPhase section */
		4E2266D2265D41F30086A87C /* Sources */ = {
			isa = PBXSourcesBuildPhase;
			buildActionMask = 2147483647;
			files = (
				4E226707265D50380086A87C /* String+Extensions.swift in Sources */,
				4E2266DC265D41F30086A87C /* ContentView.swift in Sources */,
				4E2266EC265D436A0086A87C /* Rehab.xcdatamodeld in Sources */,
				4E226701265D4F720086A87C /* View+Extensions.swift in Sources */,
				4E2266F4265D45B50086A87C /* CoreDataManager.swift in Sources */,
				4E226717265D624C0086A87C /* JournalListViewModel.swift in Sources */,
				4E2266FB265D4E040086A87C /* Journal+Extension.swift in Sources */,
				4E2266FE265D4EC30086A87C /* Pill+Extension.swift in Sources */,
				4E2266DA265D41F30086A87C /* RehabRevisedApp.swift in Sources */,
				4E2266F8265D48D30086A87C /* BaseModel.swift in Sources */,
				4E226704265D4FBE0086A87C /* Date+Extensions.swift in Sources */,
				4E226713265D54460086A87C /* AddJournalView.swift in Sources */,
				4E22670F265D50FF0086A87C /* AddJournalViewModel.swift in Sources */,
			);
			runOnlyForDeploymentPostprocessing = 0;
		};
/* End PBXSourcesBuildPhase section */

/* Begin XCBuildConfiguration section */
		4E2266E3265D41F50086A87C /* Debug */ = {
			isa = XCBuildConfiguration;
			buildSettings = {
				ALWAYS_SEARCH_USER_PATHS = NO;
				CLANG_ANALYZER_NONNULL = YES;
				CLANG_ANALYZER_NUMBER_OBJECT_CONVERSION = YES_AGGRESSIVE;
				CLANG_CXX_LANGUAGE_STANDARD = "gnu++14";
				CLANG_CXX_LIBRARY = "libc++";
				CLANG_ENABLE_MODULES = YES;
				CLANG_ENABLE_OBJC_ARC = YES;
				CLANG_ENABLE_OBJC_WEAK = YES;
				CLANG_WARN_BLOCK_CAPTURE_AUTORELEASING = YES;
				CLANG_WARN_BOOL_CONVERSION = YES;
				CLANG_WARN_COMMA = YES;
				CLANG_WARN_CONSTANT_CONVERSION = YES;
				CLANG_WARN_DEPRECATED_OBJC_IMPLEMENTATIONS = YES;
				CLANG_WARN_DIRECT_OBJC_ISA_USAGE = YES_ERROR;
				CLANG_WARN_DOCUMENTATION_COMMENTS = YES;
				CLANG_WARN_EMPTY_BODY = YES;
				CLANG_WARN_ENUM_CONVERSION = YES;
				CLANG_WARN_INFINITE_RECURSION = YES;
				CLANG_WARN_INT_CONVERSION = YES;
				CLANG_WARN_NON_LITERAL_NULL_CONVERSION = YES;
				CLANG_WARN_OBJC_IMPLICIT_RETAIN_SELF = YES;
				CLANG_WARN_OBJC_LITERAL_CONVERSION = YES;
				CLANG_WARN_OBJC_ROOT_CLASS = YES_ERROR;
				CLANG_WARN_QUOTED_INCLUDE_IN_FRAMEWORK_HEADER = YES;
				CLANG_WARN_RANGE_LOOP_ANALYSIS = YES;
				CLANG_WARN_STRICT_PROTOTYPES = YES;
				CLANG_WARN_SUSPICIOUS_MOVE = YES;
				CLANG_WARN_UNGUARDED_AVAILABILITY = YES_AGGRESSIVE;
				CLANG_WARN_UNREACHABLE_CODE = YES;
				CLANG_WARN__DUPLICATE_METHOD_MATCH = YES;
				COPY_PHASE_STRIP = NO;
				DEBUG_INFORMATION_FORMAT = dwarf;
				ENABLE_STRICT_OBJC_MSGSEND = YES;
				ENABLE_TESTABILITY = YES;
				GCC_C_LANGUAGE_STANDARD = gnu11;
				GCC_DYNAMIC_NO_PIC = NO;
				GCC_NO_COMMON_BLOCKS = YES;
				GCC_OPTIMIZATION_LEVEL = 0;
				GCC_PREPROCESSOR_DEFINITIONS = (
					"DEBUG=1",
					"$(inherited)",
				);
				GCC_WARN_64_TO_32_BIT_CONVERSION = YES;
				GCC_WARN_ABOUT_RETURN_TYPE = YES_ERROR;
				GCC_WARN_UNDECLARED_SELECTOR = YES;
				GCC_WARN_UNINITIALIZED_AUTOS = YES_AGGRESSIVE;
				GCC_WARN_UNUSED_FUNCTION = YES;
				GCC_WARN_UNUSED_VARIABLE = YES;
				IPHONEOS_DEPLOYMENT_TARGET = 14.4;
				MTL_ENABLE_DEBUG_INFO = INCLUDE_SOURCE;
				MTL_FAST_MATH = YES;
				ONLY_ACTIVE_ARCH = YES;
				SDKROOT = iphoneos;
				SWIFT_ACTIVE_COMPILATION_CONDITIONS = DEBUG;
				SWIFT_OPTIMIZATION_LEVEL = "-Onone";
			};
			name = Debug;
		};
		4E2266E4265D41F50086A87C /* Release */ = {
			isa = XCBuildConfiguration;
			buildSettings = {
				ALWAYS_SEARCH_USER_PATHS = NO;
				CLANG_ANALYZER_NONNULL = YES;
				CLANG_ANALYZER_NUMBER_OBJECT_CONVERSION = YES_AGGRESSIVE;
				CLANG_CXX_LANGUAGE_STANDARD = "gnu++14";
				CLANG_CXX_LIBRARY = "libc++";
				CLANG_ENABLE_MODULES = YES;
				CLANG_ENABLE_OBJC_ARC = YES;
				CLANG_ENABLE_OBJC_WEAK = YES;
				CLANG_WARN_BLOCK_CAPTURE_AUTORELEASING = YES;
				CLANG_WARN_BOOL_CONVERSION = YES;
				CLANG_WARN_COMMA = YES;
				CLANG_WARN_CONSTANT_CONVERSION = YES;
				CLANG_WARN_DEPRECATED_OBJC_IMPLEMENTATIONS = YES;
				CLANG_WARN_DIRECT_OBJC_ISA_USAGE = YES_ERROR;
				CLANG_WARN_DOCUMENTATION_COMMENTS = YES;
				CLANG_WARN_EMPTY_BODY = YES;
				CLANG_WARN_ENUM_CONVERSION = YES;
				CLANG_WARN_INFINITE_RECURSION = YES;
				CLANG_WARN_INT_CONVERSION = YES;
				CLANG_WARN_NON_LITERAL_NULL_CONVERSION = YES;
				CLANG_WARN_OBJC_IMPLICIT_RETAIN_SELF = YES;
				CLANG_WARN_OBJC_LITERAL_CONVERSION = YES;
				CLANG_WARN_OBJC_ROOT_CLASS = YES_ERROR;
				CLANG_WARN_QUOTED_INCLUDE_IN_FRAMEWORK_HEADER = YES;
				CLANG_WARN_RANGE_LOOP_ANALYSIS = YES;
				CLANG_WARN_STRICT_PROTOTYPES = YES;
				CLANG_WARN_SUSPICIOUS_MOVE = YES;
				CLANG_WARN_UNGUARDED_AVAILABILITY = YES_AGGRESSIVE;
				CLANG_WARN_UNREACHABLE_CODE = YES;
				CLANG_WARN__DUPLICATE_METHOD_MATCH = YES;
				COPY_PHASE_STRIP = NO;
				DEBUG_INFORMATION_FORMAT = "dwarf-with-dsym";
				ENABLE_NS_ASSERTIONS = NO;
				ENABLE_STRICT_OBJC_MSGSEND = YES;
				GCC_C_LANGUAGE_STANDARD = gnu11;
				GCC_NO_COMMON_BLOCKS = YES;
				GCC_WARN_64_TO_32_BIT_CONVERSION = YES;
				GCC_WARN_ABOUT_RETURN_TYPE = YES_ERROR;
				GCC_WARN_UNDECLARED_SELECTOR = YES;
				GCC_WARN_UNINITIALIZED_AUTOS = YES_AGGRESSIVE;
				GCC_WARN_UNUSED_FUNCTION = YES;
				GCC_WARN_UNUSED_VARIABLE = YES;
				IPHONEOS_DEPLOYMENT_TARGET = 14.4;
				MTL_ENABLE_DEBUG_INFO = NO;
				MTL_FAST_MATH = YES;
				SDKROOT = iphoneos;
				SWIFT_COMPILATION_MODE = wholemodule;
				SWIFT_OPTIMIZATION_LEVEL = "-O";
				VALIDATE_PRODUCT = YES;
			};
			name = Release;
		};
		4E2266E6265D41F50086A87C /* Debug */ = {
			isa = XCBuildConfiguration;
			buildSettings = {
				ASSETCATALOG_COMPILER_APPICON_NAME = AppIcon;
				ASSETCATALOG_COMPILER_GLOBAL_ACCENT_COLOR_NAME = AccentColor;
				CODE_SIGN_STYLE = Automatic;
				CURRENT_PROJECT_VERSION = 6;
				DEVELOPMENT_ASSET_PATHS = "\"RehabRevised/Preview Content\"";
				DEVELOPMENT_TEAM = 58XKH6936U;
				ENABLE_PREVIEWS = YES;
				INFOPLIST_FILE = RehabRevised/Info.plist;
				IPHONEOS_DEPLOYMENT_TARGET = 14.0;
				LD_RUNPATH_SEARCH_PATHS = (
					"$(inherited)",
					"@executable_path/Frameworks",
				);
				PRODUCT_BUNDLE_IDENTIFIER = com.pompouscatstudios.Rehab;
				PRODUCT_NAME = "$(TARGET_NAME)";
				SWIFT_VERSION = 5.0;
				TARGETED_DEVICE_FAMILY = "1,2";
			};
			name = Debug;
		};
		4E2266E7265D41F50086A87C /* Release */ = {
			isa = XCBuildConfiguration;
			buildSettings = {
				ASSETCATALOG_COMPILER_APPICON_NAME = AppIcon;
				ASSETCATALOG_COMPILER_GLOBAL_ACCENT_COLOR_NAME = AccentColor;
				CODE_SIGN_STYLE = Automatic;
				CURRENT_PROJECT_VERSION = 6;
				DEVELOPMENT_ASSET_PATHS = "\"RehabRevised/Preview Content\"";
				DEVELOPMENT_TEAM = 58XKH6936U;
				ENABLE_PREVIEWS = YES;
				INFOPLIST_FILE = RehabRevised/Info.plist;
				IPHONEOS_DEPLOYMENT_TARGET = 14.0;
				LD_RUNPATH_SEARCH_PATHS = (
					"$(inherited)",
					"@executable_path/Frameworks",
				);
				PRODUCT_BUNDLE_IDENTIFIER = com.pompouscatstudios.Rehab;
				PRODUCT_NAME = "$(TARGET_NAME)";
				SWIFT_VERSION = 5.0;
				TARGETED_DEVICE_FAMILY = "1,2";
			};
			name = Release;
		};
/* End XCBuildConfiguration section */

/* Begin XCConfigurationList section */
		4E2266D1265D41F30086A87C /* Build configuration list for PBXProject "RehabRevised" */ = {
			isa = XCConfigurationList;
			buildConfigurations = (
				4E2266E3265D41F50086A87C /* Debug */,
				4E2266E4265D41F50086A87C /* Release */,
			);
			defaultConfigurationIsVisible = 0;
			defaultConfigurationName = Release;
		};
		4E2266E5265D41F50086A87C /* Build configuration list for PBXNativeTarget "RehabRevised" */ = {
			isa = XCConfigurationList;
			buildConfigurations = (
				4E2266E6265D41F50086A87C /* Debug */,
				4E2266E7265D41F50086A87C /* Release */,
			);
			defaultConfigurationIsVisible = 0;
			defaultConfigurationName = Release;
		};
/* End XCConfigurationList section */

/* Begin XCVersionGroup section */
		4E2266EA265D436A0086A87C /* Rehab.xcdatamodeld */ = {
			isa = XCVersionGroup;
			children = (
				4E2266EB265D436A0086A87C /* Rehab.xcdatamodel */,
			);
			currentVersion = 4E2266EB265D436A0086A87C /* Rehab.xcdatamodel */;
			path = Rehab.xcdatamodeld;
			sourceTree = "<group>";
			versionGroupType = wrapper.xcdatamodel;
		};
/* End XCVersionGroup section */
	};
	rootObject = 4E2266CE265D41F30086A87C /* Project object */;
}
